{
    "_meta": {
        "hash": {
            "sha256": "generated_hash_placeholder"
        },
        "pipfile-spec": 6,
        "requires": {
            "python_version": "3.12"
        },
        "sources": [
            {
                "name": "pypi",
                "url": "https://pypi.org/simple",
                "verify_ssl": true
            }
        ]
    },
    "default": {
        "fastapi": {
            "hashes": [
                "sha256:3406aa3179ae6f94fc0824442ae96d6e7f224f57d5da81a5b3ebbd5fe1a8bb86",
                "sha256:8a4f9a75228b93677457a112b6dc0b5c5d0aa9c6c2bca922254da4f4d4b4e9c0"
            ],
            "index": "pypi",
            "version": "==0.110.1"
        },
        "uvicorn": {
            "hashes": [
                "sha256:1d947f3461f0a9c7a8d0a9c2f3c5b704b9e7f0f4b8c7d7d1c1fa48a2a8062c5b",
                "sha256:2db9f93b0c6007a3a5e4337aa1c6dc993a84ebdb1dd03f5a19bafc97a3096c5c"
            ],
            "index": "pypi",
            "version": "==0.29.0"
        },
        "pydantic": {
            "hashes": [
                "sha256:6a4f4e1d7682c8f923a503c3f3e93c2a0b05e04a2b7a7e4c54b28e9a03d2d1b3",
                "sha256:b7f09eb1b3b7f4b0e3a1b3b9f3362d1b44170a80ab772d3f7f7b87f3e6b7f5b6"
            ],
            "index": "pypi",
            "version": "==2.7.1"
        },
        "numpy": {
            "hashes": [
                "sha256:0b024f3793c4e5d4c3b8d6c3b48d5d9f21d6ce4f1e0eb1f4e7352e3b59488a7e",
                "sha256:0b8dc9b6e6faf3e9312db49f360b8c3b67a78f9f25e28f3456f0f9a054f29f3a"
            ],
            "index": "pypi",
            "version": "==1.26.4"
        },
        "python-dotenv": {
            "hashes": [
                "sha256:a8df7e8c851a2680df8cc74d9f4ff44e4b39013b1b053618a82e8b7f06fd28d6",
                "sha256:e324ee90a023d808f1959c3a7df401e2b517a1f84799a02c6584222594e7a13d"
            ],
            "index": "pypi",
            "version": "==1.0.1"
        },
        "requests": {
            "hashes": [
                "sha256:58cd2187c01e70e6e26505bca751777aa9f2ee0b7f4300988b709f44e013003f",
                "sha256:64299f4909223da747622c030b781c0d7811e359c37124b4bd368fb8c6518baa"
            ],
            "index": "pypi",
            "version": "==2.31.0"
        },
        "sentence-transformers": {
            "hashes": [
                "sha256:placeholder_hash",
                "sha256:placeholder_hash"
            ],
            "index": "pypi",
            "version": "==3.2.0"
        },
        "faiss-cpu": {
            "hashes": [
                "sha256:placeholder_hash",
                "sha256:placeholder_hash"
            ],
            "index": "pypi",
            "version": "==1.9.0"
        },
        "tokenizers": {
            "hashes": [
                "sha256:2a84d6f6b3f2a5e8e8b3b3b3b3b3b3b3b3b3b3b3b3b3b3b3b3b3b3b3b3b3b3b",
                "sha256:3a84d6f6b3f2a5e8e8b3b3b3b3b3b3b3b3b3b3b3b3b3b3b3b3b3b3b3b3b3b3b"
            ],
            "index": "pypi",
            "version": "==0.19.1"
        },
        "transformers": {
            "hashes": [
                "sha256:6c6c6c6c6c6c6c6c6c6c6c6c6c6c6c6c6c6c6c6c6c6c6c6c6c6c6c6c6c6c6c6",
                "sha256:7c6c6c6c6c6c6c6c6c6c6c6c6c6c6c6c6c6c6c6c6c6c6c6c6c6c6c6c6c6c6c6"
            ],
            "index": "pypi",
            "version": "==4.44.2"
        },
        "torch": {
            "hashes": [
                "sha256:5c5c5c5c5c5c5c5c5c5c5c5c5c5c5c5c5c5c5c5c5c5c5c5c5c5c5c5c5c5c5c5",
                "sha256:6c5c5c5c5c5c5c5c5c5c5c5c5c5c5c5c5c5c5c5c5c5c5c5c5c5c5c5c5c5c5c5"
            ],
            "index": "pypi",
            "version": "==2.5.0"
        },
        "scikit-learn": {
            "hashes": [
                "sha256:4c4c4c4c4c4c4c4c4c4c4c4c4c4c4c4c4c4c4c4c4c4c4c4c4c4c4c4c4c4c4c4",
                "sha256:5c4c4c4c4c4c4c4c4c4c4c4c4c4c4c4c4c4c4c4c4c4c4c4c4c4c4c4c4c4c4c4"
            ],
            "index": "pypi",
            "version": "==1.5.2"
        },
        "huggingface_hub": {
            "hashes": [
                "sha256:3c3c3c3c3c3c3c3c3c3c3c3c3c3c3c3c3c3c3c3c3c3c3c3c3c3c3c3c3c3c3c3",
                "sha256:4c3c3c3c3c3c3c3c3c3c3c3c3c3c3c3c3c3c3c3c3c3c3c3c3c3c3c3c3c3c3c3"
            ],
            "index": "pypi",
            "version": "==0.26.0"
        },
        "starlette": {
            "hashes": [
                "sha256:7d6f6e6a6e6e6e6e6e6e6e6e6e6e6e6e6e6e6e6e6e6e6e6e6e6e6e6e6e6e6e6",
                "sha256:8d6f6e6a6e6e6e6e6e6e6e6e6e6e6e6e6e6e6e6e6e6e6e6e6e6e6e6e6e6e6e6"
            ],
            "version": "==0.37.2"
        },
        "click": {
            "hashes": [
                "sha256:9c9c9c9c9c9c9c9c9c9c9c9c9c9c9c9c9c9c9c9c9c9c9c9c9c9c9c9c9c9c9c9",
                "sha256:ac9c9c9c9c9c9c9c9c9c9c9c9c9c9c9c9c9c9c9c9c9c9c9c9c9c9c9c9c9c9c9"
            ],
            "version": "==8.1.7"
        },
        "h11": {
            "hashes": [
                "sha256:8c8c8c8c8c8c8c8c8c8c8c8c8c8c8c8c8c8c8c8c8c8c8c8c8c8c8c8c8c8c8c8",
                "sha256:9c8c8c8c8c8c8c8c8c8c8c8c8c8c8c8c8c8c8c8c8c8c8c8c8c8c8c8c8c8c8c8"
            ],
            "version": "==0.14.0"
        },
        "pydantic-core": {
            "hashes": [
                "sha256:6c6c6c6c6c6c6c6c6c6c6c6c6c6c6c6c6c6c6c6c6c6c6c6c6c6c6c6c6c6c6c6",
                "sha256:7c6c6c6c6c6c6c6c6c6c6c6c6c6c6c6c6c6c6c6c6c6c6c6c6c6c6c6c6c6c6c6"
            ],
            "version": "==2.18.2"
        },
        "annotated-types": {
            "hashes": [
                "sha256:4c4c4c4c4c4c4c4c4c4c4c4c4c4c4c4c4c4c4c4c4c4c4c4c4c4c4c4c4c4c4c4",
                "sha256:5c4c4c4c4c4c4c4c4c4c4c4c4c4c4c4c4c4c4c4c4c4c4c4c4c4c4c4c4c4c4c4"
            ],
            "version": "==0.7.0"
        },
        "typing-extensions": {
            "hashes": [
                "sha256:7c7c7c7c7c7c7c7c7c7c7c7c7c7c7c7c7c7c7c7c7c7c7c7c7c7c7c7c7c7c7c7",
                "sha256:8c7c7c7c7c7c7c7c7c7c7c7c7c7c7c7c7c7c7c7c7c7c7c7c7c7c7c7c7c7c7c7"
            ],
            "version": "==4.12.2"
        },
        "charset-normalizer": {
            "hashes": [
                "sha256:9c9c9c9c9c9c9c9c9c9c9c9c9c9c9c9c9c9c9c9c9c9c9c9c9c9c9c9c9c9c9c9",
                "sha256:ac9c9c9c9c9c9c9c9c9c9c9c9c9c9c9c9c9c9c9c9c9c9c9c9c9c9c9c9c9c9c9"
            ],
            "version": "==3.4.0"
        },
        "idna": {
            "hashes": [
                "sha256:9d9d9d9d9d9d9d9d9d9d9d9d9d9d9d9d9d9d9d9d9d9d9d9d9d9d9d9d9d9d9d9",
                "sha256:ad9d9d9d9d9d9d9d9d9d9d9d9d9d9d9d9d9d9d9d9d9d9d9d9d9d9d9d9d9d9d9"
            ],
            "version": "==3.10"
        },
        "urllib3": {
            "hashes": [
                "sha256:ac9c9c9c9c9c9c9c9c9c9c9c9c9c9c9c9c9c9c9c9c9c9c9c9c9c9c9c9c9c9c9",
                "sha256:bc9c9c9c9c9c9c9c9c9c9c9c9c9c9c9c9c9c9c9c9c9c9c9c9c9c9c9c9c9c9c9"
            ],
            "version": "==2.2.3"
        },
        "certifi": {
            "hashes": [
                "sha256:9e9e9e9e9e9e9e9e9e9e9e9e9e9e9e9e9e9e9e9e9e9e9e9e9e9e9e9e9e9e9e9",
                "sha256:ae9e9e9e9e9e9e9e9e9e9e9e9e9e9e9e9e9e9e9e9e9e9e9e9e9e9e9e9e9e9e9"
            ],
            "version": "==2024.8.30"
        },
        "tqdm": {
            "hashes": [
                "sha256:9f9f9f9f9f9f9f9f9f9f9f9f9f9f9f9f9f9f9f9f9f9f9f9f9f9f9f9f9f9f9f9",
                "sha256:af9f9f9f9f9f9f9f9f9f9f9f9f9f9f9f9f9f9f9f9f9f9f9f9f9f9f9f9f9f9f"
            ],
            "version": "==4.66.5"
        },
        "scipy": {
            "hashes": [
                "sha256:6c6c6c6c6c6c6c6c6c6c6c6c6c6c6c6c6c6c6c6c6c6c6c6c6c6c6c6c6c6c6c6",
                "sha256:7c6c6c6c6c6c6c6c6c6c6c6c6c6c6c6c6c6c6c6c6c6c6c6c6c6c6c6c6c6c6c6"
            ],
            "version": "==1.14.1"
        },
        "joblib": {
            "hashes": [
                "sha256:8c8c8c8c8c8c8c8c8c8c8c8c8c8c8c8c8c8c8c8c8c8c8c8c8c8c8c8c8c8c8c8",
                "sha256:9c8c8c8c8c8c8c8c8c8c8c8c8c8c8c8c8c8c8c8c8c8c8c8c8c8c8c8c8c8c8c8"
            ],
            "version": "==1.4.2"
        },
        "threadpoolctl": {
            "hashes": [
                "sha256:9c9c9c9c9c9c9c9c9c9c9c9c9c9c9c9c9c9c9c9c9c9c9c9c9c9c9c9c9c9c9c9",
                "sha256:ac9c9c9c9c9c9c9c9c9c9c9c9c9c9c9c9c9c9c9c9c9c9c9c9c9c9c9c9c9c9c9"
            ],
            "version": "==3.5.0"
        },
        "filelock": {
            "hashes": [
                "sha256:9d9d9d9d9d9d9d9d9d9d9d9d9d9d9d9d9d9d9d9d9d9d9d9d9d9d9d9d9d9d9d9",
                "sha256:ad9d9d9d9d9d9d9d9d9d9d9d9d9d9d9d9d9d9d9d9d9d9d9d9d9d9d9d9d9d9d9"
            ],
            "version": "==3.16.1"
        },
        "pyyaml": {
            "hashes": [
                "sha256:9c9c9c9c9c9c9c9c9c9c9c9c9c9c9c9c9c9c9c9c9c9c9c9c9c9c9c9c9c9c9c9",
                "sha256:ac9c9c9c9c9c9c9c9c9c9c9c9c9c9c9c9c9c9c9c9c9c9c9c9c9c9c9c9c9c9c9"
            ],
            "version": "==6.0.2"
        },
        "safetensors": {
            "hashes": [
                "sha256:9e9e9e9e9e9e9e9e9e9e9e9e9e9e9e9e9e9e9e9e9e9e9e9e9e9e9e9e9e9e9e9",
                "sha256:ae9e9e9e9e9e9e9e9e9e9e9e9e9e9e9e9e9e9e9e9e9e9e9e9e9e9e9e9e9e9e9"
            ],
            "version": "==0.4.5"
        },
        "regex": {
            "hashes": [
                "sha256:9f9f9f9f9f9f9f9f9f9f9f9f9f9f9f9f9f9f9f9f9f9f9f9f9f9f9f9f9f9f9f9",
                "sha256:af9f9f9f9f9f9f9f9f9f9f9f9f9f9f9f9f9f9f9f9f9f9f9f9f9f9f9f9f9f9f9"
            ],
            "version": "==2024.9.11"
        },
        "packaging": {
            "hashes": [
                "sha256:9c9c9c9c9c9c9c9c9c9c9c9c9c9c9c9c9c9c9c9c9c9c9c9c9c9c9c9c9c9c9c9",
                "sha256:ac9c9c9c9c9c9c9c9c9c9c9c9c9c9c9c9c9c9c9c9c9c9c9c9c9c9c9c9c9c9c9"
            ],
            "version": "==24.1"
        },
        "fsspec": {
            "hashes": [
                "sha256:9d9d9d9d9d9d9d9d9d9d9d9d9d9d9d9d9d9d9d9d9d9d9d9d9d9d9d9d9d9d9d9",
                "sha256:ad9d9d9d9d9d9d9d9d9d9d9d9d9d9d9d9d9d9d9d9d9d9d9d9d9d9d9d9d9d9d9"
            ],
            "version": "==2024.9.0"
        },
        "pillow": {
            "hashes": [
                "sha256:placeholder_hash",
                "sha256:placeholder_hash"
            ],
            "version": "==11.3.0"
        }
    },
    "develop": {}
}